
Microsoft Visual Studio Solution File, Format Version 12.00
# Visual Studio Version 16
VisualStudioVersion = 16.0.32901.82
MinimumVisualStudioVersion = 10.0.40219.1
Project("{FAE04EC0-301F-11D3-BF4B-00C04F79EFBC}") = "WebApiDemo", "WebApiDemo\WebApiDemo.csproj", "{87344BA1-6B1A-4EA9-9711-41BD85532CDD}"
EndProject
Project("{FAE04EC0-301F-11D3-BF4B-00C04F79EFBC}") = "WebApiDemoTest", "WebApiDemoTest\WebApiDemoTest.csproj", "{57EE30BF-D8BD-4471-9EA1-9093CA86A700}"
EndProject
Global
	GlobalSection(SolutionConfigurationPlatforms) = preSolution
		Debug|Any CPU = Debug|Any CPU
		Release|Any CPU = Release|Any CPU
	EndGlobalSection
	GlobalSection(ProjectConfigurationPlatforms) = postSolution
		{87344BA1-6B1A-4EA9-9711-41BD85532CDD}.Debug|Any CPU.ActiveCfg = Debug|Any CPU
		{87344BA1-6B1A-4EA9-9711-41BD85532CDD}.Debug|Any CPU.Build.0 = Debug|Any CPU
		{87344BA1-6B1A-4EA9-9711-41BD85532CDD}.Release|Any CPU.ActiveCfg = Release|Any CPU
		{87344BA1-6B1A-4EA9-9711-41BD85532CDD}.Release|Any CPU.Build.0 = Release|Any CPU
		{57EE30BF-D8BD-4471-9EA1-9093CA86A700}.Debug|Any CPU.ActiveCfg = Debug|Any CPU
		{57EE30BF-D8BD-4471-9EA1-9093CA86A700}.Debug|Any CPU.Build.0 = Debug|Any CPU
		{57EE30BF-D8BD-4471-9EA1-9093CA86A700}.Release|Any CPU.ActiveCfg = Release|Any CPU
		{57EE30BF-D8BD-4471-9EA1-9093CA86A700}.Release|Any CPU.Build.0 = Release|Any CPU
	EndGlobalSection
	GlobalSection(SolutionProperties) = preSolution
		HideSolutionNode = FALSE
	EndGlobalSection
	GlobalSection(ExtensibilityGlobals) = postSolution
		SolutionGuid = {60CC60DB-E802-4EEB-B4E6-832C76DF7E32}
	EndGlobalSection
EndGlobal
